// !$*UTF8*$!
{
	archiveVersion = 1;
	classes = {
	};
	objectVersion = 50;
	objects = {

/* Begin PBXBuildFile section */
		6AB0D5732556510C00A3ACA9 /* AppDelegate.m in Sources */ = {isa = PBXBuildFile; fileRef = 6AB0D5722556510C00A3ACA9 /* AppDelegate.m */; };
		6AB0D5762556510C00A3ACA9 /* SceneDelegate.m in Sources */ = {isa = PBXBuildFile; fileRef = 6AB0D5752556510C00A3ACA9 /* SceneDelegate.m */; };
		6AB0D5792556510C00A3ACA9 /* ViewController.m in Sources */ = {isa = PBXBuildFile; fileRef = 6AB0D5782556510C00A3ACA9 /* ViewController.m */; };
		6AB0D57C2556510C00A3ACA9 /* Main.storyboard in Resources */ = {isa = PBXBuildFile; fileRef = 6AB0D57A2556510C00A3ACA9 /* Main.storyboard */; };
		6AB0D57E2556510C00A3ACA9 /* Assets.xcassets in Resources */ = {isa = PBXBuildFile; fileRef = 6AB0D57D2556510C00A3ACA9 /* Assets.xcassets */; };
		6AB0D5812556510C00A3ACA9 /* LaunchScreen.storyboard in Resources */ = {isa = PBXBuildFile; fileRef = 6AB0D57F2556510C00A3ACA9 /* LaunchScreen.storyboard */; };
		6AB0D5842556510C00A3ACA9 /* main.m in Sources */ = {isa = PBXBuildFile; fileRef = 6AB0D5832556510C00A3ACA9 /* main.m */; };
		6AB0D58E2556510C00A3ACA9 /* iOSHitTestTests.m in Sources */ = {isa = PBXBuildFile; fileRef = 6AB0D58D2556510C00A3ACA9 /* iOSHitTestTests.m */; };
		6AB0D5992556510D00A3ACA9 /* iOSHitTestUITests.m in Sources */ = {isa = PBXBuildFile; fileRef = 6AB0D5982556510D00A3ACA9 /* iOSHitTestUITests.m */; };
		6AB0D5AE2556514A00A3ACA9 /* FirstView.m in Sources */ = {isa = PBXBuildFile; fileRef = 6AB0D5AD2556514A00A3ACA9 /* FirstView.m */; };
		6AB0D5B42556515400A3ACA9 /* SecondView.m in Sources */ = {isa = PBXBuildFile; fileRef = 6AB0D5B32556515400A3ACA9 /* SecondView.m */; };
		6AB0D5BA2556534F00A3ACA9 /* HitTestViewController.m in Sources */ = {isa = PBXBuildFile; fileRef = 6AB0D5B92556534F00A3ACA9 /* HitTestViewController.m */; };
/* End PBXBuildFile section */

/* Begin PBXContainerItemProxy section */
		6AB0D58A2556510C00A3ACA9 /* PBXContainerItemProxy */ = {
			isa = PBXContainerItemProxy;
			containerPortal = 6AB0D5662556510C00A3ACA9 /* Project object */;
			proxyType = 1;
			remoteGlobalIDString = 6AB0D56D2556510C00A3ACA9;
			remoteInfo = iOSHitTest;
		};
		6AB0D5952556510D00A3ACA9 /* PBXContainerItemProxy */ = {
			isa = PBXContainerItemProxy;
			containerPortal = 6AB0D5662556510C00A3ACA9 /* Project object */;
			proxyType = 1;
			remoteGlobalIDString = 6AB0D56D2556510C00A3ACA9;
			remoteInfo = iOSHitTest;
		};
/* End PBXContainerItemProxy section */

/* Begin PBXFileReference section */
		6AB0D56E2556510C00A3ACA9 /* iOSHitTest.app */ = {isa = PBXFileReference; explicitFileType = wrapper.application; includeInIndex = 0; path = iOSHitTest.app; sourceTree = BUILT_PRODUCTS_DIR; };
		6AB0D5712556510C00A3ACA9 /* AppDelegate.h */ = {isa = PBXFileReference; lastKnownFileType = sourcecode.c.h; path = AppDelegate.h; sourceTree = "<group>"; };
		6AB0D5722556510C00A3ACA9 /* AppDelegate.m */ = {isa = PBXFileReference; lastKnownFileType = sourcecode.c.objc; path = AppDelegate.m; sourceTree = "<group>"; };
		6AB0D5742556510C00A3ACA9 /* SceneDelegate.h */ = {isa = PBXFileReference; lastKnownFileType = sourcecode.c.h; path = SceneDelegate.h; sourceTree = "<group>"; };
		6AB0D5752556510C00A3ACA9 /* SceneDelegate.m */ = {isa = PBXFileReference; lastKnownFileType = sourcecode.c.objc; path = SceneDelegate.m; sourceTree = "<group>"; };
		6AB0D5772556510C00A3ACA9 /* ViewController.h */ = {isa = PBXFileReference; lastKnownFileType = sourcecode.c.h; path = ViewController.h; sourceTree = "<group>"; };
		6AB0D5782556510C00A3ACA9 /* ViewController.m */ = {isa = PBXFileReference; lastKnownFileType = sourcecode.c.objc; path = ViewController.m; sourceTree = "<group>"; };
		6AB0D57B2556510C00A3ACA9 /* Base */ = {isa = PBXFileReference; lastKnownFileType = file.storyboard; name = Base; path = Base.lproj/Main.storyboard; sourceTree = "<group>"; };
		6AB0D57D2556510C00A3ACA9 /* Assets.xcassets */ = {isa = PBXFileReference; lastKnownFileType = folder.assetcatalog; path = Assets.xcassets; sourceTree = "<group>"; };
		6AB0D5802556510C00A3ACA9 /* Base */ = {isa = PBXFileReference; lastKnownFileType = file.storyboard; name = Base; path = Base.lproj/LaunchScreen.storyboard; sourceTree = "<group>"; };
		6AB0D5822556510C00A3ACA9 /* Info.plist */ = {isa = PBXFileReference; lastKnownFileType = text.plist.xml; path = Info.plist; sourceTree = "<group>"; };
		6AB0D5832556510C00A3ACA9 /* main.m */ = {isa = PBXFileReference; lastKnownFileType = sourcecode.c.objc; path = main.m; sourceTree = "<group>"; };
		6AB0D5892556510C00A3ACA9 /* iOSHitTestTests.xctest */ = {isa = PBXFileReference; explicitFileType = wrapper.cfbundle; includeInIndex = 0; path = iOSHitTestTests.xctest; sourceTree = BUILT_PRODUCTS_DIR; };
		6AB0D58D2556510C00A3ACA9 /* iOSHitTestTests.m */ = {isa = PBXFileReference; lastKnownFileType = sourcecode.c.objc; path = iOSHitTestTests.m; sourceTree = "<group>"; };
		6AB0D58F2556510C00A3ACA9 /* Info.plist */ = {isa = PBXFileReference; lastKnownFileType = text.plist.xml; path = Info.plist; sourceTree = "<group>"; };
		6AB0D5942556510D00A3ACA9 /* iOSHitTestUITests.xctest */ = {isa = PBXFileReference; explicitFileType = wrapper.cfbundle; includeInIndex = 0; path = iOSHitTestUITests.xctest; sourceTree = BUILT_PRODUCTS_DIR; };
		6AB0D5982556510D00A3ACA9 /* iOSHitTestUITests.m */ = {isa = PBXFileReference; lastKnownFileType = sourcecode.c.objc; path = iOSHitTestUITests.m; sourceTree = "<group>"; };
		6AB0D59A2556510D00A3ACA9 /* Info.plist */ = {isa = PBXFileReference; lastKnownFileType = text.plist.xml; path = Info.plist; sourceTree = "<group>"; };
		6AB0D5AC2556514A00A3ACA9 /* FirstView.h */ = {isa = PBXFileReference; lastKnownFileType = sourcecode.c.h; path = FirstView.h; sourceTree = "<group>"; };
		6AB0D5AD2556514A00A3ACA9 /* FirstView.m */ = {isa = PBXFileReference; lastKnownFileType = sourcecode.c.objc; path = FirstView.m; sourceTree = "<group>"; };
		6AB0D5B22556515400A3ACA9 /* SecondView.h */ = {isa = PBXFileReference; lastKnownFileType = sourcecode.c.h; path = SecondView.h; sourceTree = "<group>"; };
		6AB0D5B32556515400A3ACA9 /* SecondView.m */ = {isa = PBXFileReference; lastKnownFileType = sourcecode.c.objc; path = SecondView.m; sourceTree = "<group>"; };
		6AB0D5B82556534F00A3ACA9 /* HitTestViewController.h */ = {isa = PBXFileReference; lastKnownFileType = sourcecode.c.h; path = HitTestViewController.h; sourceTree = "<group>"; };
		6AB0D5B92556534F00A3ACA9 /* HitTestViewController.m */ = {isa = PBXFileReference; lastKnownFileType = sourcecode.c.objc; path = HitTestViewController.m; sourceTree = "<group>"; };
/* End PBXFileReference section */

/* Begin PBXFrameworksBuildPhase section */
		6AB0D56B2556510C00A3ACA9 /* Frameworks */ = {
			isa = PBXFrameworksBuildPhase;
			buildActionMask = 2147483647;
			files = (
			);
			runOnlyForDeploymentPostprocessing = 0;
		};
		6AB0D5862556510C00A3ACA9 /* Frameworks */ = {
			isa = PBXFrameworksBuildPhase;
			buildActionMask = 2147483647;
			files = (
			);
			runOnlyForDeploymentPostprocessing = 0;
		};
		6AB0D5912556510C00A3ACA9 /* Frameworks */ = {
			isa = PBXFrameworksBuildPhase;
			buildActionMask = 2147483647;
			files = (
			);
			runOnlyForDeploymentPostprocessing = 0;
		};
/* End PBXFrameworksBuildPhase section */

/* Begin PBXGroup section */
		6AB0D5652556510C00A3ACA9 = {
			isa = PBXGroup;
			children = (
				6AB0D5702556510C00A3ACA9 /* iOSHitTest */,
				6AB0D58C2556510C00A3ACA9 /* iOSHitTestTests */,
				6AB0D5972556510D00A3ACA9 /* iOSHitTestUITests */,
				6AB0D56F2556510C00A3ACA9 /* Products */,
			);
			sourceTree = "<group>";
		};
		6AB0D56F2556510C00A3ACA9 /* Products */ = {
			isa = PBXGroup;
			children = (
				6AB0D56E2556510C00A3ACA9 /* iOSHitTest.app */,
				6AB0D5892556510C00A3ACA9 /* iOSHitTestTests.xctest */,
				6AB0D5942556510D00A3ACA9 /* iOSHitTestUITests.xctest */,
			);
			name = Products;
			sourceTree = "<group>";
		};
		6AB0D5702556510C00A3ACA9 /* iOSHitTest */ = {
			isa = PBXGroup;
			children = (
				6AB0D5712556510C00A3ACA9 /* AppDelegate.h */,
				6AB0D5722556510C00A3ACA9 /* AppDelegate.m */,
				6AB0D5742556510C00A3ACA9 /* SceneDelegate.h */,
				6AB0D5752556510C00A3ACA9 /* SceneDelegate.m */,
				6AB0D5772556510C00A3ACA9 /* ViewController.h */,
				6AB0D5782556510C00A3ACA9 /* ViewController.m */,
				6AB0D5B82556534F00A3ACA9 /* HitTestViewController.h */,
				6AB0D5B92556534F00A3ACA9 /* HitTestViewController.m */,
				6AB0D5AC2556514A00A3ACA9 /* FirstView.h */,
				6AB0D5AD2556514A00A3ACA9 /* FirstView.m */,
				6AB0D5B22556515400A3ACA9 /* SecondView.h */,
				6AB0D5B32556515400A3ACA9 /* SecondView.m */,
				6AB0D57A2556510C00A3ACA9 /* Main.storyboard */,
				6AB0D57D2556510C00A3ACA9 /* Assets.xcassets */,
				6AB0D57F2556510C00A3ACA9 /* LaunchScreen.storyboard */,
				6AB0D5822556510C00A3ACA9 /* Info.plist */,
				6AB0D5832556510C00A3ACA9 /* main.m */,
			);
			path = iOSHitTest;
			sourceTree = "<group>";
		};
		6AB0D58C2556510C00A3ACA9 /* iOSHitTestTests */ = {
			isa = PBXGroup;
			children = (
				6AB0D58D2556510C00A3ACA9 /* iOSHitTestTests.m */,
				6AB0D58F2556510C00A3ACA9 /* Info.plist */,
			);
			path = iOSHitTestTests;
			sourceTree = "<group>";
		};
		6AB0D5972556510D00A3ACA9 /* iOSHitTestUITests */ = {
			isa = PBXGroup;
			children = (
				6AB0D5982556510D00A3ACA9 /* iOSHitTestUITests.m */,
				6AB0D59A2556510D00A3ACA9 /* Info.plist */,
			);
			path = iOSHitTestUITests;
			sourceTree = "<group>";
		};
/* End PBXGroup section */

/* Begin PBXNativeTarget section */
		6AB0D56D2556510C00A3ACA9 /* iOSHitTest */ = {
			isa = PBXNativeTarget;
			buildConfigurationList = 6AB0D59D2556510D00A3ACA9 /* Build configuration list for PBXNativeTarget "iOSHitTest" */;
			buildPhases = (
				6AB0D56A2556510C00A3ACA9 /* Sources */,
				6AB0D56B2556510C00A3ACA9 /* Frameworks */,
				6AB0D56C2556510C00A3ACA9 /* Resources */,
			);
			buildRules = (
			);
			dependencies = (
			);
			name = iOSHitTest;
			productName = iOSHitTest;
			productReference = 6AB0D56E2556510C00A3ACA9 /* iOSHitTest.app */;
			productType = "com.apple.product-type.application";
		};
		6AB0D5882556510C00A3ACA9 /* iOSHitTestTests */ = {
			isa = PBXNativeTarget;
			buildConfigurationList = 6AB0D5A02556510D00A3ACA9 /* Build configuration list for PBXNativeTarget "iOSHitTestTests" */;
			buildPhases = (
				6AB0D5852556510C00A3ACA9 /* Sources */,
				6AB0D5862556510C00A3ACA9 /* Frameworks */,
				6AB0D5872556510C00A3ACA9 /* Resources */,
			);
			buildRules = (
			);
			dependencies = (
				6AB0D58B2556510C00A3ACA9 /* PBXTargetDependency */,
			);
			name = iOSHitTestTests;
			productName = iOSHitTestTests;
			productReference = 6AB0D5892556510C00A3ACA9 /* iOSHitTestTests.xctest */;
			productType = "com.apple.product-type.bundle.unit-test";
		};
		6AB0D5932556510C00A3ACA9 /* iOSHitTestUITests */ = {
			isa = PBXNativeTarget;
			buildConfigurationList = 6AB0D5A32556510D00A3ACA9 /* Build configuration list for PBXNativeTarget "iOSHitTestUITests" */;
			buildPhases = (
				6AB0D5902556510C00A3ACA9 /* Sources */,
				6AB0D5912556510C00A3ACA9 /* Frameworks */,
				6AB0D5922556510C00A3ACA9 /* Resources */,
			);
			buildRules = (
			);
			dependencies = (
				6AB0D5962556510D00A3ACA9 /* PBXTargetDependency */,
			);
			name = iOSHitTestUITests;
			productName = iOSHitTestUITests;
			productReference = 6AB0D5942556510D00A3ACA9 /* iOSHitTestUITests.xctest */;
			productType = "com.apple.product-type.bundle.ui-testing";
		};
/* End PBXNativeTarget section */

/* Begin PBXProject section */
		6AB0D5662556510C00A3ACA9 /* Project object */ = {
			isa = PBXProject;
			attributes = {
				LastUpgradeCheck = 1210;
				TargetAttributes = {
					6AB0D56D2556510C00A3ACA9 = {
						CreatedOnToolsVersion = 12.1;
					};
					6AB0D5882556510C00A3ACA9 = {
						CreatedOnToolsVersion = 12.1;
						TestTargetID = 6AB0D56D2556510C00A3ACA9;
					};
					6AB0D5932556510C00A3ACA9 = {
						CreatedOnToolsVersion = 12.1;
						TestTargetID = 6AB0D56D2556510C00A3ACA9;
					};
				};
			};
			buildConfigurationList = 6AB0D5692556510C00A3ACA9 /* Build configuration list for PBXProject "iOSHitTest" */;
			compatibilityVersion = "Xcode 9.3";
			developmentRegion = en;
			hasScannedForEncodings = 0;
			knownRegions = (
				en,
				Base,
			);
			mainGroup = 6AB0D5652556510C00A3ACA9;
			productRefGroup = 6AB0D56F2556510C00A3ACA9 /* Products */;
			projectDirPath = "";
			projectRoot = "";
			targets = (
				6AB0D56D2556510C00A3ACA9 /* iOSHitTest */,
				6AB0D5882556510C00A3ACA9 /* iOSHitTestTests */,
				6AB0D5932556510C00A3ACA9 /* iOSHitTestUITests */,
			);
		};
/* End PBXProject section */

/* Begin PBXResourcesBuildPhase section */
		6AB0D56C2556510C00A3ACA9 /* Resources */ = {
			isa = PBXResourcesBuildPhase;
			buildActionMask = 2147483647;
			files = (
				6AB0D5812556510C00A3ACA9 /* LaunchScreen.storyboard in Resources */,
				6AB0D57E2556510C00A3ACA9 /* Assets.xcassets in Resources */,
				6AB0D57C2556510C00A3ACA9 /* Main.storyboard in Resources */,
			);
			runOnlyForDeploymentPostprocessing = 0;
		};
		6AB0D5872556510C00A3ACA9 /* Resources */ = {
			isa = PBXResourcesBuildPhase;
			buildActionMask = 2147483647;
			files = (
			);
			runOnlyForDeploymentPostprocessing = 0;
		};
		6AB0D5922556510C00A3ACA9 /* Resources */ = {
			isa = PBXResourcesBuildPhase;
			buildActionMask = 2147483647;
			files = (
			);
			runOnlyForDeploymentPostprocessing = 0;
		};
/* End PBXResourcesBuildPhase section */

/* Begin PBXSourcesBuildPhase section */
		6AB0D56A2556510C00A3ACA9 /* Sources */ = {
			isa = PBXSourcesBuildPhase;
			buildActionMask = 2147483647;
			files = (
				6AB0D5BA2556534F00A3ACA9 /* HitTestViewController.m in Sources */,
				6AB0D5792556510C00A3ACA9 /* ViewController.m in Sources */,
				6AB0D5732556510C00A3ACA9 /* AppDelegate.m in Sources */,
				6AB0D5B42556515400A3ACA9 /* SecondView.m in Sources */,
				6AB0D5AE2556514A00A3ACA9 /* FirstView.m in Sources */,
				6AB0D5842556510C00A3ACA9 /* main.m in Sources */,
				6AB0D5762556510C00A3ACA9 /* SceneDelegate.m in Sources */,
			);
			runOnlyForDeploymentPostprocessing = 0;
		};
		6AB0D5852556510C00A3ACA9 /* Sources */ = {
			isa = PBXSourcesBuildPhase;
			buildActionMask = 2147483647;
			files = (
				6AB0D58E2556510C00A3ACA9 /* iOSHitTestTests.m in Sources */,
			);
			runOnlyForDeploymentPostprocessing = 0;
		};
		6AB0D5902556510C00A3ACA9 /* Sources */ = {
			isa = PBXSourcesBuildPhase;
			buildActionMask = 2147483647;
			files = (
				6AB0D5992556510D00A3ACA9 /* iOSHitTestUITests.m in Sources */,
			);
			runOnlyForDeploymentPostprocessing = 0;
		};
/* End PBXSourcesBuildPhase section */

/* Begin PBXTargetDependency section */
		6AB0D58B2556510C00A3ACA9 /* PBXTargetDependency */ = {
			isa = PBXTargetDependency;
			target = 6AB0D56D2556510C00A3ACA9 /* iOSHitTest */;
			targetProxy = 6AB0D58A2556510C00A3ACA9 /* PBXContainerItemProxy */;
		};
		6AB0D5962556510D00A3ACA9 /* PBXTargetDependency */ = {
			isa = PBXTargetDependency;
			target = 6AB0D56D2556510C00A3ACA9 /* iOSHitTest */;
			targetProxy = 6AB0D5952556510D00A3ACA9 /* PBXContainerItemProxy */;
		};
/* End PBXTargetDependency section */

/* Begin PBXVariantGroup section */
		6AB0D57A2556510C00A3ACA9 /* Main.storyboard */ = {
			isa = PBXVariantGroup;
			children = (
				6AB0D57B2556510C00A3ACA9 /* Base */,
			);
			name = Main.storyboard;
			sourceTree = "<group>";
		};
		6AB0D57F2556510C00A3ACA9 /* LaunchScreen.storyboard */ = {
			isa = PBXVariantGroup;
			children = (
				6AB0D5802556510C00A3ACA9 /* Base */,
			);
			name = LaunchScreen.storyboard;
			sourceTree = "<group>";
		};
/* End PBXVariantGroup section */

/* Begin XCBuildConfiguration section */
		6AB0D59B2556510D00A3ACA9 /* Debug */ = {
			isa = XCBuildConfiguration;
			buildSettings = {
				ALWAYS_SEARCH_USER_PATHS = NO;
				CLANG_ANALYZER_NONNULL = YES;
				CLANG_ANALYZER_NUMBER_OBJECT_CONVERSION = YES_AGGRESSIVE;
				CLANG_CXX_LANGUAGE_STANDARD = "gnu++14";
				CLANG_CXX_LIBRARY = "libc++";
				CLANG_ENABLE_MODULES = YES;
				CLANG_ENABLE_OBJC_ARC = YES;
				CLANG_ENABLE_OBJC_WEAK = YES;
				CLANG_WARN_BLOCK_CAPTURE_AUTORELEASING = YES;
				CLANG_WARN_BOOL_CONVERSION = YES;
				CLANG_WARN_COMMA = YES;
				CLANG_WARN_CONSTANT_CONVERSION = YES;
				CLANG_WARN_DEPRECATED_OBJC_IMPLEMENTATIONS = YES;
				CLANG_WARN_DIRECT_OBJC_ISA_USAGE = YES_ERROR;
				CLANG_WARN_DOCUMENTATION_COMMENTS = YES;
				CLANG_WARN_EMPTY_BODY = YES;
				CLANG_WARN_ENUM_CONVERSION = YES;
				CLANG_WARN_INFINITE_RECURSION = YES;
				CLANG_WARN_INT_CONVERSION = YES;
				CLANG_WARN_NON_LITERAL_NULL_CONVERSION = YES;
				CLANG_WARN_OBJC_IMPLICIT_RETAIN_SELF = YES;
				CLANG_WARN_OBJC_LITERAL_CONVERSION = YES;
				CLANG_WARN_OBJC_ROOT_CLASS = YES_ERROR;
				CLANG_WARN_QUOTED_INCLUDE_IN_FRAMEWORK_HEADER = YES;
				CLANG_WARN_RANGE_LOOP_ANALYSIS = YES;
				CLANG_WARN_STRICT_PROTOTYPES = YES;
				CLANG_WARN_SUSPICIOUS_MOVE = YES;
				CLANG_WARN_UNGUARDED_AVAILABILITY = YES_AGGRESSIVE;
				CLANG_WARN_UNREACHABLE_CODE = YES;
				CLANG_WARN__DUPLICATE_METHOD_MATCH = YES;
				COPY_PHASE_STRIP = NO;
				DEBUG_INFORMATION_FORMAT = dwarf;
				ENABLE_STRICT_OBJC_MSGSEND = YES;
				ENABLE_TESTABILITY = YES;
				GCC_C_LANGUAGE_STANDARD = gnu11;
				GCC_DYNAMIC_NO_PIC = NO;
				GCC_NO_COMMON_BLOCKS = YES;
				GCC_OPTIMIZATION_LEVEL = 0;
				GCC_PREPROCESSOR_DEFINITIONS = (
					"DEBUG=1",
					"$(inherited)",
				);
				GCC_WARN_64_TO_32_BIT_CONVERSION = YES;
				GCC_WARN_ABOUT_RETURN_TYPE = YES_ERROR;
				GCC_WARN_UNDECLARED_SELECTOR = YES;
				GCC_WARN_UNINITIALIZED_AUTOS = YES_AGGRESSIVE;
				GCC_WARN_UNUSED_FUNCTION = YES;
				GCC_WARN_UNUSED_VARIABLE = YES;
				IPHONEOS_DEPLOYMENT_TARGET = 14.1;
				MTL_ENABLE_DEBUG_INFO = INCLUDE_SOURCE;
				MTL_FAST_MATH = YES;
				ONLY_ACTIVE_ARCH = YES;
				SDKROOT = iphoneos;
			};
			name = Debug;
		};
		6AB0D59C2556510D00A3ACA9 /* Release */ = {
			isa = XCBuildConfiguration;
			buildSettings = {
				ALWAYS_SEARCH_USER_PATHS = NO;
				CLANG_ANALYZER_NONNULL = YES;
				CLANG_ANALYZER_NUMBER_OBJECT_CONVERSION = YES_AGGRESSIVE;
				CLANG_CXX_LANGUAGE_STANDARD = "gnu++14";
				CLANG_CXX_LIBRARY = "libc++";
				CLANG_ENABLE_MODULES = YES;
				CLANG_ENABLE_OBJC_ARC = YES;
				CLANG_ENABLE_OBJC_WEAK = YES;
				CLANG_WARN_BLOCK_CAPTURE_AUTORELEASING = YES;
				CLANG_WARN_BOOL_CONVERSION = YES;
				CLANG_WARN_COMMA = YES;
				CLANG_WARN_CONSTANT_CONVERSION = YES;
				CLANG_WARN_DEPRECATED_OBJC_IMPLEMENTATIONS = YES;
				CLANG_WARN_DIRECT_OBJC_ISA_USAGE = YES_ERROR;
				CLANG_WARN_DOCUMENTATION_COMMENTS = YES;
				CLANG_WARN_EMPTY_BODY = YES;
				CLANG_WARN_ENUM_CONVERSION = YES;
				CLANG_WARN_INFINITE_RECURSION = YES;
				CLANG_WARN_INT_CONVERSION = YES;
				CLANG_WARN_NON_LITERAL_NULL_CONVERSION = YES;
				CLANG_WARN_OBJC_IMPLICIT_RETAIN_SELF = YES;
				CLANG_WARN_OBJC_LITERAL_CONVERSION = YES;
				CLANG_WARN_OBJC_ROOT_CLASS = YES_ERROR;
				CLANG_WARN_QUOTED_INCLUDE_IN_FRAMEWORK_HEADER = YES;
				CLANG_WARN_RANGE_LOOP_ANALYSIS = YES;
				CLANG_WARN_STRICT_PROTOTYPES = YES;
				CLANG_WARN_SUSPICIOUS_MOVE = YES;
				CLANG_WARN_UNGUARDED_AVAILABILITY = YES_AGGRESSIVE;
				CLANG_WARN_UNREACHABLE_CODE = YES;
				CLANG_WARN__DUPLICATE_METHOD_MATCH = YES;
				COPY_PHASE_STRIP = NO;
				DEBUG_INFORMATION_FORMAT = "dwarf-with-dsym";
				ENABLE_NS_ASSERTIONS = NO;
				ENABLE_STRICT_OBJC_MSGSEND = YES;
				GCC_C_LANGUAGE_STANDARD = gnu11;
				GCC_NO_COMMON_BLOCKS = YES;
				GCC_WARN_64_TO_32_BIT_CONVERSION = YES;
				GCC_WARN_ABOUT_RETURN_TYPE = YES_ERROR;
				GCC_WARN_UNDECLARED_SELECTOR = YES;
				GCC_WARN_UNINITIALIZED_AUTOS = YES_AGGRESSIVE;
				GCC_WARN_UNUSED_FUNCTION = YES;
				GCC_WARN_UNUSED_VARIABLE = YES;
				IPHONEOS_DEPLOYMENT_TARGET = 14.1;
				MTL_ENABLE_DEBUG_INFO = NO;
				MTL_FAST_MATH = YES;
				SDKROOT = iphoneos;
				VALIDATE_PRODUCT = YES;
			};
			name = Release;
		};
		6AB0D59E2556510D00A3ACA9 /* Debug */ = {
			isa = XCBuildConfiguration;
			buildSettings = {
				ASSETCATALOG_COMPILER_APPICON_NAME = AppIcon;
				ASSETCATALOG_COMPILER_GLOBAL_ACCENT_COLOR_NAME = AccentColor;
				CODE_SIGN_STYLE = Automatic;
				DEVELOPMENT_TEAM = ZT37ZAB399;
				INFOPLIST_FILE = iOSHitTest/Info.plist;
				IPHONEOS_DEPLOYMENT_TARGET = 13.0;
				LD_RUNPATH_SEARCH_PATHS = (
					"$(inherited)",
					"@executable_path/Frameworks",
				);
				PRODUCT_BUNDLE_IDENTIFIER = com.tonyreet.iOSHitTest;
				PRODUCT_NAME = "$(TARGET_NAME)";
				TARGETED_DEVICE_FAMILY = "1,2";
			};
			name = Debug;
		};
		6AB0D59F2556510D00A3ACA9 /* Release */ = {
			isa = XCBuildConfiguration;
			buildSettings = {
				ASSETCATALOG_COMPILER_APPICON_NAME = AppIcon;
				ASSETCATALOG_COMPILER_GLOBAL_ACCENT_COLOR_NAME = AccentColor;
				CODE_SIGN_STYLE = Automatic;
				DEVELOPMENT_TEAM = ZT37ZAB399;
				INFOPLIST_FILE = iOSHitTest/Info.plist;
				IPHONEOS_DEPLOYMENT_TARGET = 13.0;
				LD_RUNPATH_SEARCH_PATHS = (
					"$(inherited)",
					"@executable_path/Frameworks",
				);
				PRODUCT_BUNDLE_IDENTIFIER = com.tonyreet.iOSHitTest;
				PRODUCT_NAME = "$(TARGET_NAME)";
				TARGETED_DEVICE_FAMILY = "1,2";
			};
			name = Release;
		};
		6AB0D5A12556510D00A3ACA9 /* Debug */ = {
			isa = XCBuildConfiguration;
			buildSettings = {
				BUNDLE_LOADER = "$(TEST_HOST)";
				CODE_SIGN_STYLE = Automatic;
				DEVELOPMENT_TEAM = ZT37ZAB399;
				INFOPLIST_FILE = iOSHitTestTests/Info.plist;
				IPHONEOS_DEPLOYMENT_TARGET = 14.1;
				LD_RUNPATH_SEARCH_PATHS = (
					"$(inherited)",
					"@executable_path/Frameworks",
					"@loader_path/Frameworks",
				);
				PRODUCT_BUNDLE_IDENTIFIER = com.tonyreet.iOSHitTestTests;
				PRODUCT_NAME = "$(TARGET_NAME)";
				TARGETED_DEVICE_FAMILY = "1,2";
				TEST_HOST = "$(BUILT_PRODUCTS_DIR)/iOSHitTest.app/iOSHitTest";
			};
			name = Debug;
		};
		6AB0D5A22556510D00A3ACA9 /* Release */ = {
			isa = XCBuildConfiguration;
			buildSettings = {
				BUNDLE_LOADER = "$(TEST_HOST)";
				CODE_SIGN_STYLE = Automatic;
				DEVELOPMENT_TEAM = ZT37ZAB399;
				INFOPLIST_FILE = iOSHitTestTests/Info.plist;
				IPHONEOS_DEPLOYMENT_TARGET = 14.1;
				LD_RUNPATH_SEARCH_PATHS = (
					"$(inherited)",
					"@executable_path/Frameworks",
					"@loader_path/Frameworks",
				);
				PRODUCT_BUNDLE_IDENTIFIER = com.tonyreet.iOSHitTestTests;
				PRODUCT_NAME = "$(TARGET_NAME)";
				TARGETED_DEVICE_FAMILY = "1,2";
				TEST_HOST = "$(BUILT_PRODUCTS_DIR)/iOSHitTest.app/iOSHitTest";
			};
			name = Release;
		};
		6AB0D5A42556510D00A3ACA9 /* Debug */ = {
			isa = XCBuildConfiguration;
			buildSettings = {
				CODE_SIGN_STYLE = Automatic;
				DEVELOPMENT_TEAM = ZT37ZAB399;
				INFOPLIST_FILE = iOSHitTestUITests/Info.plist;
				LD_RUNPATH_SEARCH_PATHS = (
					"$(inherited)",
					"@executable_path/Frameworks",
					"@loader_path/Frameworks",
				);
				PRODUCT_BUNDLE_IDENTIFIER = com.tonyreet.iOSHitTestUITests;
				PRODUCT_NAME = "$(TARGET_NAME)";
				TARGETED_DEVICE_FAMILY = "1,2";
				TEST_TARGET_NAME = iOSHitTest;
			};
			name = Debug;
		};
		6AB0D5A52556510D00A3ACA9 /* Release */ = {
			isa = XCBuildConfiguration;
			buildSettings = {
				CODE_SIGN_STYLE = Automatic;
				DEVELOPMENT_TEAM = ZT37ZAB399;
				INFOPLIST_FILE = iOSHitTestUITests/Info.plist;
				LD_RUNPATH_SEARCH_PATHS = (
					"$(inherited)",
					"@executable_path/Frameworks",
					"@loader_path/Frameworks",
				);
				PRODUCT_BUNDLE_IDENTIFIER = com.tonyreet.iOSHitTestUITests;
				PRODUCT_NAME = "$(TARGET_NAME)";
				TARGETED_DEVICE_FAMILY = "1,2";
				TEST_TARGET_NAME = iOSHitTest;
			};
			name = Release;
		};
/* End XCBuildConfiguration section */

/* Begin XCConfigurationList section */
		6AB0D5692556510C00A3ACA9 /* Build configuration list for PBXProject "iOSHitTest" */ = {
			isa = XCConfigurationList;
			buildConfigurations = (
				6AB0D59B2556510D00A3ACA9 /* Debug */,
				6AB0D59C2556510D00A3ACA9 /* Release */,
			);
			defaultConfigurationIsVisible = 0;
			defaultConfigurationName = Release;
		};
		6AB0D59D2556510D00A3ACA9 /* Build configuration list for PBXNativeTarget "iOSHitTest" */ = {
			isa = XCConfigurationList;
			buildConfigurations = (
				6AB0D59E2556510D00A3ACA9 /* Debug */,
				6AB0D59F2556510D00A3ACA9 /* Release */,
			);
			defaultConfigurationIsVisible = 0;
			defaultConfigurationName = Release;
		};
		6AB0D5A02556510D00A3ACA9 /* Build configuration list for PBXNativeTarget "iOSHitTestTests" */ = {
			isa = XCConfigurationList;
			buildConfigurations = (
				6AB0D5A12556510D00A3ACA9 /* Debug */,
				6AB0D5A22556510D00A3ACA9 /* Release */,
			);
			defaultConfigurationIsVisible = 0;
			defaultConfigurationName = Release;
		};
		6AB0D5A32556510D00A3ACA9 /* Build configuration list for PBXNativeTarget "iOSHitTestUITests" */ = {
			isa = XCConfigurationList;
			buildConfigurations = (
				6AB0D5A42556510D00A3ACA9 /* Debug */,
				6AB0D5A52556510D00A3ACA9 /* Release */,
			);
			defaultConfigurationIsVisible = 0;
			defaultConfigurationName = Release;
		};
/* End XCConfigurationList section */
	};
	rootObject = 6AB0D5662556510C00A3ACA9 /* Project object */;
}
